
Microsoft Visual Studio Solution File, Format Version 12.00
# Visual Studio Version 16
VisualStudioVersion = 16.0.31424.327
MinimumVisualStudioVersion = 10.0.40219.1
Project("{9A19103F-16F7-4668-BE54-9A1E7A4F7556}") = "FavoriteMovies.Domain", "FavoriteMovies.Domain\FavoriteMovies.Domain.csproj", "{03E1F8C8-9E54-493A-B515-2ECCE3643517}"
EndProject
Project("{9A19103F-16F7-4668-BE54-9A1E7A4F7556}") = "FavoriteMovies.EntityFramework", "FavoriteMovies.EntityFramework\FavoriteMovies.EntityFramework.csproj", "{CD10024F-0ECA-400A-B364-13168174641E}"
EndProject
Project("{9A19103F-16F7-4668-BE54-9A1E7A4F7556}") = "FavoriteMovies.OmdbApi", "FavoriteMovies.OmdbApi\FavoriteMovies.OmdbApi.csproj", "{25E7238D-C4F6-40F8-97A5-B4B1FBE3E273}"
EndProject
Project("{9A19103F-16F7-4668-BE54-9A1E7A4F7556}") = "FavoriteMovies.Test", "FavoriteMovies.Test\FavoriteMovies.Test.csproj", "{F03E8369-E31B-4010-BEA6-3918EE912AFD}"
EndProject
Project("{FAE04EC0-301F-11D3-BF4B-00C04F79EFBC}") = "FavoriteMovies.Wpf", "FavoriteMovies.Wpf\FavoriteMovies.Wpf.csproj", "{E65955A4-0593-4221-B770-3D8680A2AC61}"
EndProject
Global
	GlobalSection(SolutionConfigurationPlatforms) = preSolution
		Debug|Any CPU = Debug|Any CPU
		Release|Any CPU = Release|Any CPU
	EndGlobalSection
	GlobalSection(ProjectConfigurationPlatforms) = postSolution
		{03E1F8C8-9E54-493A-B515-2ECCE3643517}.Debug|Any CPU.ActiveCfg = Debug|Any CPU
		{03E1F8C8-9E54-493A-B515-2ECCE3643517}.Debug|Any CPU.Build.0 = Debug|Any CPU
		{03E1F8C8-9E54-493A-B515-2ECCE3643517}.Release|Any CPU.ActiveCfg = Release|Any CPU
		{03E1F8C8-9E54-493A-B515-2ECCE3643517}.Release|Any CPU.Build.0 = Release|Any CPU
		{CD10024F-0ECA-400A-B364-13168174641E}.Debug|Any CPU.ActiveCfg = Debug|Any CPU
		{CD10024F-0ECA-400A-B364-13168174641E}.Debug|Any CPU.Build.0 = Debug|Any CPU
		{CD10024F-0ECA-400A-B364-13168174641E}.Release|Any CPU.ActiveCfg = Release|Any CPU
		{CD10024F-0ECA-400A-B364-13168174641E}.Release|Any CPU.Build.0 = Release|Any CPU
		{25E7238D-C4F6-40F8-97A5-B4B1FBE3E273}.Debug|Any CPU.ActiveCfg = Debug|Any CPU
		{25E7238D-C4F6-40F8-97A5-B4B1FBE3E273}.Debug|Any CPU.Build.0 = Debug|Any CPU
		{25E7238D-C4F6-40F8-97A5-B4B1FBE3E273}.Release|Any CPU.ActiveCfg = Release|Any CPU
		{25E7238D-C4F6-40F8-97A5-B4B1FBE3E273}.Release|Any CPU.Build.0 = Release|Any CPU
		{F03E8369-E31B-4010-BEA6-3918EE912AFD}.Debug|Any CPU.ActiveCfg = Debug|Any CPU
		{F03E8369-E31B-4010-BEA6-3918EE912AFD}.Debug|Any CPU.Build.0 = Debug|Any CPU
		{F03E8369-E31B-4010-BEA6-3918EE912AFD}.Release|Any CPU.ActiveCfg = Release|Any CPU
		{F03E8369-E31B-4010-BEA6-3918EE912AFD}.Release|Any CPU.Build.0 = Release|Any CPU
		{E65955A4-0593-4221-B770-3D8680A2AC61}.Debug|Any CPU.ActiveCfg = Debug|Any CPU
		{E65955A4-0593-4221-B770-3D8680A2AC61}.Debug|Any CPU.Build.0 = Debug|Any CPU
		{E65955A4-0593-4221-B770-3D8680A2AC61}.Release|Any CPU.ActiveCfg = Release|Any CPU
		{E65955A4-0593-4221-B770-3D8680A2AC61}.Release|Any CPU.Build.0 = Release|Any CPU
	EndGlobalSection
	GlobalSection(SolutionProperties) = preSolution
		HideSolutionNode = FALSE
	EndGlobalSection
	GlobalSection(ExtensibilityGlobals) = postSolution
		SolutionGuid = {4D635F55-E65B-436E-8B27-DE37146A12B2}
	EndGlobalSection
EndGlobal
